
Microsoft Visual Studio Solution File, Format Version 12.00
# Visual Studio Version 17
VisualStudioVersion = 17.0.31903.59
MinimumVisualStudioVersion = 10.0.40219.1
Project("{FAE04EC0-301F-11D3-BF4B-00C04F79EFBC}") = "QuantumMC", "src\QuantumMC\QuantumMC.csproj", "{A1B2C3D4-E5F6-7890-ABCD-EF1234567890}"
EndProject
Project("{2150E333-8FDC-42A3-9474-1A3956D46DE8}") = "src", "src", "{827E0CD3-B72D-47B6-A68D-7590B98EB39B}"
EndProject
Project("{2150E333-8FDC-42A3-9474-1A3956D46DE8}") = "raknet-cs", "raknet-cs", "{52031509-BCE7-7B8A-E0CD-FA636D90D4BC}"
EndProject
Project("{2150E333-8FDC-42A3-9474-1A3956D46DE8}") = "src", "src", "{E9725B98-1BD9-60CA-AC89-66649A4E4365}"
EndProject
Project("{FAE04EC0-301F-11D3-BF4B-00C04F79EFBC}") = "RaknetCS", "src\raknet-cs\src\RaknetCS\RaknetCS.csproj", "{B5923687-927C-4DCA-B16D-2F7BCD7F0C29}"
EndProject
Project("{FAE04EC0-301F-11D3-BF4B-00C04F79EFBC}") = "BedrockProtocol", "src\protocol-cs\src\BedrockProtocol\BedrockProtocol.csproj", "{A7A51DCB-F93E-41D7-A7E2-ADE33ED90067}"
EndProject
Project("{FAE04EC0-301F-11D3-BF4B-00C04F79EFBC}") = "Nbt", "src\nbt-cs\src\Nbt\Nbt.csproj", "{A8D96152-8C41-4F54-8EBD-9E97F2089D99}"
EndProject
Global
	GlobalSection(SolutionConfigurationPlatforms) = preSolution
		Debug|Any CPU = Debug|Any CPU
		Debug|x64 = Debug|x64
		Debug|x86 = Debug|x86
		Release|Any CPU = Release|Any CPU
		Release|x64 = Release|x64
		Release|x86 = Release|x86
	EndGlobalSection
	GlobalSection(ProjectConfigurationPlatforms) = postSolution
		{A1B2C3D4-E5F6-7890-ABCD-EF1234567890}.Debug|Any CPU.ActiveCfg = Debug|Any CPU
		{A1B2C3D4-E5F6-7890-ABCD-EF1234567890}.Debug|Any CPU.Build.0 = Debug|Any CPU
		{A1B2C3D4-E5F6-7890-ABCD-EF1234567890}.Debug|x64.ActiveCfg = Debug|Any CPU
		{A1B2C3D4-E5F6-7890-ABCD-EF1234567890}.Debug|x64.Build.0 = Debug|Any CPU
		{A1B2C3D4-E5F6-7890-ABCD-EF1234567890}.Debug|x86.ActiveCfg = Debug|Any CPU
		{A1B2C3D4-E5F6-7890-ABCD-EF1234567890}.Debug|x86.Build.0 = Debug|Any CPU
		{A1B2C3D4-E5F6-7890-ABCD-EF1234567890}.Release|Any CPU.ActiveCfg = Release|Any CPU
		{A1B2C3D4-E5F6-7890-ABCD-EF1234567890}.Release|Any CPU.Build.0 = Release|Any CPU
		{A1B2C3D4-E5F6-7890-ABCD-EF1234567890}.Release|x64.ActiveCfg = Release|Any CPU
		{A1B2C3D4-E5F6-7890-ABCD-EF1234567890}.Release|x64.Build.0 = Release|Any CPU
		{A1B2C3D4-E5F6-7890-ABCD-EF1234567890}.Release|x86.ActiveCfg = Release|Any CPU
		{A1B2C3D4-E5F6-7890-ABCD-EF1234567890}.Release|x86.Build.0 = Release|Any CPU
		{B5923687-927C-4DCA-B16D-2F7BCD7F0C29}.Debug|Any CPU.ActiveCfg = Debug|Any CPU
		{B5923687-927C-4DCA-B16D-2F7BCD7F0C29}.Debug|Any CPU.Build.0 = Debug|Any CPU
		{B5923687-927C-4DCA-B16D-2F7BCD7F0C29}.Debug|x64.ActiveCfg = Debug|Any CPU
		{B5923687-927C-4DCA-B16D-2F7BCD7F0C29}.Debug|x64.Build.0 = Debug|Any CPU
		{B5923687-927C-4DCA-B16D-2F7BCD7F0C29}.Debug|x86.ActiveCfg = Debug|Any CPU
		{B5923687-927C-4DCA-B16D-2F7BCD7F0C29}.Debug|x86.Build.0 = Debug|Any CPU
		{B5923687-927C-4DCA-B16D-2F7BCD7F0C29}.Release|Any CPU.ActiveCfg = Release|Any CPU
		{B5923687-927C-4DCA-B16D-2F7BCD7F0C29}.Release|Any CPU.Build.0 = Release|Any CPU
		{B5923687-927C-4DCA-B16D-2F7BCD7F0C29}.Release|x64.ActiveCfg = Release|Any CPU
		{B5923687-927C-4DCA-B16D-2F7BCD7F0C29}.Release|x64.Build.0 = Release|Any CPU
		{B5923687-927C-4DCA-B16D-2F7BCD7F0C29}.Release|x86.ActiveCfg = Release|Any CPU
		{B5923687-927C-4DCA-B16D-2F7BCD7F0C29}.Release|x86.Build.0 = Release|Any CPU
		{A7A51DCB-F93E-41D7-A7E2-ADE33ED90067}.Debug|Any CPU.ActiveCfg = Debug|Any CPU
		{A7A51DCB-F93E-41D7-A7E2-ADE33ED90067}.Debug|Any CPU.Build.0 = Debug|Any CPU
		{A7A51DCB-F93E-41D7-A7E2-ADE33ED90067}.Debug|x64.ActiveCfg = Debug|Any CPU
		{A7A51DCB-F93E-41D7-A7E2-ADE33ED90067}.Debug|x64.Build.0 = Debug|Any CPU
		{A7A51DCB-F93E-41D7-A7E2-ADE33ED90067}.Debug|x86.ActiveCfg = Debug|Any CPU
		{A7A51DCB-F93E-41D7-A7E2-ADE33ED90067}.Debug|x86.Build.0 = Debug|Any CPU
		{A7A51DCB-F93E-41D7-A7E2-ADE33ED90067}.Release|Any CPU.ActiveCfg = Release|Any CPU
		{A7A51DCB-F93E-41D7-A7E2-ADE33ED90067}.Release|Any CPU.Build.0 = Release|Any CPU
		{A7A51DCB-F93E-41D7-A7E2-ADE33ED90067}.Release|x64.ActiveCfg = Release|Any CPU
		{A7A51DCB-F93E-41D7-A7E2-ADE33ED90067}.Release|x64.Build.0 = Release|Any CPU
		{A7A51DCB-F93E-41D7-A7E2-ADE33ED90067}.Release|x86.ActiveCfg = Release|Any CPU
		{A7A51DCB-F93E-41D7-A7E2-ADE33ED90067}.Release|x86.Build.0 = Release|Any CPU
		{A8D96152-8C41-4F54-8EBD-9E97F2089D99}.Debug|Any CPU.ActiveCfg = Debug|Any CPU
		{A8D96152-8C41-4F54-8EBD-9E97F2089D99}.Debug|Any CPU.Build.0 = Debug|Any CPU
		{A8D96152-8C41-4F54-8EBD-9E97F2089D99}.Debug|x64.ActiveCfg = Debug|Any CPU
		{A8D96152-8C41-4F54-8EBD-9E97F2089D99}.Debug|x64.Build.0 = Debug|Any CPU
		{A8D96152-8C41-4F54-8EBD-9E97F2089D99}.Debug|x86.ActiveCfg = Debug|Any CPU
		{A8D96152-8C41-4F54-8EBD-9E97F2089D99}.Debug|x86.Build.0 = Debug|Any CPU
		{A8D96152-8C41-4F54-8EBD-9E97F2089D99}.Release|Any CPU.ActiveCfg = Release|Any CPU
		{A8D96152-8C41-4F54-8EBD-9E97F2089D99}.Release|Any CPU.Build.0 = Release|Any CPU
		{A8D96152-8C41-4F54-8EBD-9E97F2089D99}.Release|x64.ActiveCfg = Release|Any CPU
		{A8D96152-8C41-4F54-8EBD-9E97F2089D99}.Release|x64.Build.0 = Release|Any CPU
		{A8D96152-8C41-4F54-8EBD-9E97F2089D99}.Release|x86.ActiveCfg = Release|Any CPU
		{A8D96152-8C41-4F54-8EBD-9E97F2089D99}.Release|x86.Build.0 = Release|Any CPU
	EndGlobalSection
	GlobalSection(SolutionProperties) = preSolution
		HideSolutionNode = FALSE
	EndGlobalSection
	GlobalSection(NestedProjects) = preSolution
		{52031509-BCE7-7B8A-E0CD-FA636D90D4BC} = {827E0CD3-B72D-47B6-A68D-7590B98EB39B}
		{E9725B98-1BD9-60CA-AC89-66649A4E4365} = {52031509-BCE7-7B8A-E0CD-FA636D90D4BC}
		{B5923687-927C-4DCA-B16D-2F7BCD7F0C29} = {E9725B98-1BD9-60CA-AC89-66649A4E4365}
		{A7A51DCB-F93E-41D7-A7E2-ADE33ED90067} = {E9725B98-1BD9-60CA-AC89-66649A4E4365}
		{A8D96152-8C41-4F54-8EBD-9E97F2089D99} = {E9725B98-1BD9-60CA-AC89-66649A4E4365}
	EndGlobalSection
EndGlobal
